<?xml version="1.0" encoding="utf-8"?>
<Project ToolsVersion="4.0" xmlns="http://schemas.microsoft.com/developer/msbuild/2003">
  <ItemGroup>
    <Filter Include="Resource Files">
      <UniqueIdentifier>{67DA6AB6-F800-4c08-8B7A-83BB121AAD01}</UniqueIdentifier>
      <Extensions>rc;ico;cur;bmp;dlg;rc2;rct;bin;rgs;gif;jpg;jpeg;jpe;resx;tiff;tif;png;wav;mfcribbon-ms</Extensions>
    </Filter>
    <Filter Include="GameObject">
      <UniqueIdentifier>{e52a0183-f91f-42a5-89c3-87ef976111e3}</UniqueIdentifier>
    </Filter>
    <Filter Include="Scene">
      <UniqueIdentifier>{493da810-209f-4978-ad05-d997e6ebcb9c}</UniqueIdentifier>
    </Filter>
    <Filter Include="Main">
      <UniqueIdentifier>{e3cfa13b-ee92-4c4f-8a26-3baf0aefc692}</UniqueIdentifier>
    </Filter>
    <Filter Include="imgui">
      <UniqueIdentifier>{e7df5923-5bbb-4ddf-b8a3-0dd60d955223}</UniqueIdentifier>
    </Filter>
    <Filter Include="imgui\backends">
      <UniqueIdentifier>{43a9f1a4-d4f5-44d4-8e80-a16b7004af8c}</UniqueIdentifier>
    </Filter>
    <Filter Include="imgui\core">
      <UniqueIdentifier>{d20b1ca2-961d-4805-9bbf-48dcada5d533}</UniqueIdentifier>
    </Filter>
  </ItemGroup>
  <ItemGroup>
    <ResourceCompile Include="Client.rc">
      <Filter>Resource Files</Filter>
    </ResourceCompile>
  </ItemGroup>
  <ItemGroup>
    <Image Include="small.ico">
      <Filter>Resource Files</Filter>
    </Image>
    <Image Include="Client.ico">
      <Filter>Resource Files</Filter>
    </Image>
  </ItemGroup>
  <ItemGroup>
    <ClInclude Include="Monster.h">
      <Filter>GameObject</Filter>
    </ClInclude>
    <ClInclude Include="Terrain.h">
      <Filter>GameObject</Filter>
    </ClInclude>
    <ClInclude Include="Player.h">
      <Filter>GameObject</Filter>
    </ClInclude>
    <ClInclude Include="BackGround.h">
      <Filter>GameObject</Filter>
    </ClInclude>
    <ClInclude Include="Resource.h">
      <Filter>Resource Files</Filter>
    </ClInclude>
    <ClInclude Include="Loading.h">
      <Filter>Scene</Filter>
    </ClInclude>
    <ClInclude Include="Logo.h">
      <Filter>Scene</Filter>
    </ClInclude>
    <ClInclude Include="Stage.h">
      <Filter>Scene</Filter>
    </ClInclude>
    <ClInclude Include="Client.h">
      <Filter>Main</Filter>
    </ClInclude>
    <ClInclude Include="MainApp.h">
      <Filter>Main</Filter>
    </ClInclude>
    <ClInclude Include="stdafx.h">
      <Filter>Main</Filter>
    </ClInclude>
    <ClInclude Include="targetver.h">
      <Filter>Main</Filter>
    </ClInclude>
    <ClInclude Include="imconfig.h">
      <Filter>imgui\core</Filter>
    </ClInclude>
    <ClInclude Include="imgui.h">
      <Filter>imgui\core</Filter>
    </ClInclude>
    <ClInclude Include="imgui_internal.h">
      <Filter>imgui\core</Filter>
    </ClInclude>
    <ClInclude Include="imgui_impl_dx9.h">
      <Filter>imgui\backends</Filter>
    </ClInclude>
    <ClInclude Include="imgui_impl_win32.h">
      <Filter>imgui\backends</Filter>
    </ClInclude>
  </ItemGroup>
  <ItemGroup>
    <ClCompile Include="Monster.cpp">
      <Filter>GameObject</Filter>
    </ClCompile>
    <ClCompile Include="Terrain.cpp">
      <Filter>GameObject</Filter>
    </ClCompile>
    <ClCompile Include="Player.cpp">
      <Filter>GameObject</Filter>
    </ClCompile>
    <ClCompile Include="BackGround.cpp">
      <Filter>GameObject</Filter>
    </ClCompile>
    <ClCompile Include="Loading.cpp">
      <Filter>Scene</Filter>
    </ClCompile>
    <ClCompile Include="Logo.cpp">
      <Filter>Scene</Filter>
    </ClCompile>
    <ClCompile Include="Stage.cpp">
      <Filter>Scene</Filter>
    </ClCompile>
    <ClCompile Include="MainApp.cpp">
      <Filter>Main</Filter>
    </ClCompile>
    <ClCompile Include="Client.cpp">
      <Filter>Main</Filter>
    </ClCompile>
    <ClCompile Include="stdafx.cpp">
      <Filter>Main</Filter>
    </ClCompile>
    <ClCompile Include="imgui_widgets.cpp">
      <Filter>imgui\core</Filter>
    </ClCompile>
    <ClCompile Include="imgui.cpp">
      <Filter>imgui\core</Filter>
    </ClCompile>
    <ClCompile Include="imgui_demo.cpp">
      <Filter>imgui\core</Filter>
    </ClCompile>
    <ClCompile Include="imgui_draw.cpp">
      <Filter>imgui\core</Filter>
    </ClCompile>
    <ClCompile Include="imgui_tables.cpp">
      <Filter>imgui\core</Filter>
    </ClCompile>
    <ClCompile Include="imgui_impl_dx9.cpp">
      <Filter>imgui\backends</Filter>
    </ClCompile>
    <ClCompile Include="imgui_impl_win32.cpp">
      <Filter>imgui\backends</Filter>
    </ClCompile>
  </ItemGroup>
  <ItemGroup>
    <None Include="imgui.natstepfilter">
      <Filter>imgui\core</Filter>
    </None>
  </ItemGroup>
  <ItemGroup>
    <Natvis Include="imgui.natvis">
      <Filter>imgui\core</Filter>
    </Natvis>
  </ItemGroup>
</Project>