
Microsoft Visual Studio Solution File, Format Version 12.00
# Visual Studio 14
VisualStudioVersion = 14.0.23107.0
MinimumVisualStudioVersion = 10.0.40219.1
Project("{8BC9CEB8-8B4A-11D0-8D11-00A0C91BC942}") = "Client", "Client\Client.vcxproj", "{AD20B058-F676-48EF-9BAA-275E79B112D2}"
	ProjectSection(ProjectDependencies) = postProject
		{2A1D8683-C0C0-40A9-9E0E-53E0A9D3B9C8} = {2A1D8683-C0C0-40A9-9E0E-53E0A9D3B9C8}
	EndProjectSection
EndProject
Project("{8BC9CEB8-8B4A-11D0-8D11-00A0C91BC942}") = "Engine", "Engine\Engine.vcxproj", "{2A1D8683-C0C0-40A9-9E0E-53E0A9D3B9C8}"
EndProject
Global
	GlobalSection(SolutionConfigurationPlatforms) = preSolution
		Debug|x64 = Debug|x64
		Debug|x86 = Debug|x86
		ImGui|x64 = ImGui|x64
		ImGui|x86 = ImGui|x86
		Release|x64 = Release|x64
		Release|x86 = Release|x86
	EndGlobalSection
	GlobalSection(ProjectConfigurationPlatforms) = postSolution
		{AD20B058-F676-48EF-9BAA-275E79B112D2}.Debug|x64.ActiveCfg = Debug|x64
		{AD20B058-F676-48EF-9BAA-275E79B112D2}.Debug|x64.Build.0 = Debug|x64
		{AD20B058-F676-48EF-9BAA-275E79B112D2}.Debug|x86.ActiveCfg = Debug|Win32
		{AD20B058-F676-48EF-9BAA-275E79B112D2}.Debug|x86.Build.0 = Debug|Win32
		{AD20B058-F676-48EF-9BAA-275E79B112D2}.ImGui|x64.ActiveCfg = ImGui|x64
		{AD20B058-F676-48EF-9BAA-275E79B112D2}.ImGui|x64.Build.0 = ImGui|x64
		{AD20B058-F676-48EF-9BAA-275E79B112D2}.ImGui|x86.ActiveCfg = ImGui|Win32
		{AD20B058-F676-48EF-9BAA-275E79B112D2}.ImGui|x86.Build.0 = ImGui|Win32
		{AD20B058-F676-48EF-9BAA-275E79B112D2}.Release|x64.ActiveCfg = Release|x64
		{AD20B058-F676-48EF-9BAA-275E79B112D2}.Release|x64.Build.0 = Release|x64
		{AD20B058-F676-48EF-9BAA-275E79B112D2}.Release|x86.ActiveCfg = Release|Win32
		{AD20B058-F676-48EF-9BAA-275E79B112D2}.Release|x86.Build.0 = Release|Win32
		{2A1D8683-C0C0-40A9-9E0E-53E0A9D3B9C8}.Debug|x64.ActiveCfg = Debug|x64
		{2A1D8683-C0C0-40A9-9E0E-53E0A9D3B9C8}.Debug|x64.Build.0 = Debug|x64
		{2A1D8683-C0C0-40A9-9E0E-53E0A9D3B9C8}.Debug|x86.ActiveCfg = Debug|Win32
		{2A1D8683-C0C0-40A9-9E0E-53E0A9D3B9C8}.Debug|x86.Build.0 = Debug|Win32
		{2A1D8683-C0C0-40A9-9E0E-53E0A9D3B9C8}.ImGui|x64.ActiveCfg = ImGui|x64
		{2A1D8683-C0C0-40A9-9E0E-53E0A9D3B9C8}.ImGui|x64.Build.0 = ImGui|x64
		{2A1D8683-C0C0-40A9-9E0E-53E0A9D3B9C8}.ImGui|x86.ActiveCfg = ImGui|Win32
		{2A1D8683-C0C0-40A9-9E0E-53E0A9D3B9C8}.ImGui|x86.Build.0 = ImGui|Win32
		{2A1D8683-C0C0-40A9-9E0E-53E0A9D3B9C8}.Release|x64.ActiveCfg = Release|x64
		{2A1D8683-C0C0-40A9-9E0E-53E0A9D3B9C8}.Release|x64.Build.0 = Release|x64
		{2A1D8683-C0C0-40A9-9E0E-53E0A9D3B9C8}.Release|x86.ActiveCfg = Release|Win32
		{2A1D8683-C0C0-40A9-9E0E-53E0A9D3B9C8}.Release|x86.Build.0 = Release|Win32
	EndGlobalSection
	GlobalSection(SolutionProperties) = preSolution
		HideSolutionNode = FALSE
	EndGlobalSection
EndGlobal
